
Microsoft Visual Studio Solution File, Format Version 12.00
# Visual Studio Version 17
VisualStudioVersion = 17.8.34330.188
MinimumVisualStudioVersion = 10.0.40219.1
Project("{2150E333-8FDC-42A3-9474-1A3956D46DE8}") = "src", "src", "{62C4840D-3E04-4F95-BB34-90053E3F55F7}"
EndProject
Project("{2150E333-8FDC-42A3-9474-1A3956D46DE8}") = "test", "test", "{157277D8-F644-4EC8-AA7E-95EE037C7C25}"
EndProject
Project("{FAE04EC0-301F-11D3-BF4B-00C04F79EFBC}") = "Bookify.Domain", "src\Bookify.Domain\Bookify.Domain.csproj", "{78192E04-5B27-4A2E-9C50-140AD64DA62C}"
EndProject
Global
	GlobalSection(SolutionConfigurationPlatforms) = preSolution
		Debug|Any CPU = Debug|Any CPU
		Release|Any CPU = Release|Any CPU
	EndGlobalSection
	GlobalSection(ProjectConfigurationPlatforms) = postSolution
		{78192E04-5B27-4A2E-9C50-140AD64DA62C}.Debug|Any CPU.ActiveCfg = Debug|Any CPU
		{78192E04-5B27-4A2E-9C50-140AD64DA62C}.Debug|Any CPU.Build.0 = Debug|Any CPU
		{78192E04-5B27-4A2E-9C50-140AD64DA62C}.Release|Any CPU.ActiveCfg = Release|Any CPU
		{78192E04-5B27-4A2E-9C50-140AD64DA62C}.Release|Any CPU.Build.0 = Release|Any CPU
	EndGlobalSection
	GlobalSection(SolutionProperties) = preSolution
		HideSolutionNode = FALSE
	EndGlobalSection
	GlobalSection(NestedProjects) = preSolution
		{78192E04-5B27-4A2E-9C50-140AD64DA62C} = {62C4840D-3E04-4F95-BB34-90053E3F55F7}
	EndGlobalSection
	GlobalSection(ExtensibilityGlobals) = postSolution
		SolutionGuid = {929ACCA3-5399-426C-B226-160A8E0B4C9D}
	EndGlobalSection
EndGlobal
